// !$*UTF8*$!
{
	archiveVersion = 1;
	classes = {
	};
	objectVersion = 52;
	objects = {

/* Begin PBXBuildFile section */
		2701500224DDFBCA00D13145 /* ChatTableViewCell.swift in Sources */ = {isa = PBXBuildFile; fileRef = 2701500124DDFBCA00D13145 /* ChatTableViewCell.swift */; };
		27465A6924DF1E0200ABD5FD /* ChatManager.swift in Sources */ = {isa = PBXBuildFile; fileRef = 27465A6824DF1E0200ABD5FD /* ChatManager.swift */; };
		27465A6B24DF437800ABD5FD /* Chat.swift in Sources */ = {isa = PBXBuildFile; fileRef = 27465A6A24DF437800ABD5FD /* Chat.swift */; };
		27465A6D24DF439600ABD5FD /* Contact.swift in Sources */ = {isa = PBXBuildFile; fileRef = 27465A6C24DF439600ABD5FD /* Contact.swift */; };
		27465A6F24DF43B000ABD5FD /* MessageInfo.swift in Sources */ = {isa = PBXBuildFile; fileRef = 27465A6E24DF43B000ABD5FD /* MessageInfo.swift */; };
		27465A7224DF43FB00ABD5FD /* SubtitleTableViewCell.swift in Sources */ = {isa = PBXBuildFile; fileRef = 27465A7124DF43FB00ABD5FD /* SubtitleTableViewCell.swift */; };
		2780347624DB904000EB3AC7 /* SocketIO in Frameworks */ = {isa = PBXBuildFile; productRef = 2780347524DB904000EB3AC7 /* SocketIO */; };
		2780347824DB906200EB3AC7 /* SocketIOManager.swift in Sources */ = {isa = PBXBuildFile; fileRef = 2780347724DB906200EB3AC7 /* SocketIOManager.swift */; };
		27ADA93A24DB46AE00A212BC /* AppDelegate.swift in Sources */ = {isa = PBXBuildFile; fileRef = 27ADA93924DB46AE00A212BC /* AppDelegate.swift */; };
		27ADA93C24DB46AE00A212BC /* SceneDelegate.swift in Sources */ = {isa = PBXBuildFile; fileRef = 27ADA93B24DB46AE00A212BC /* SceneDelegate.swift */; };
		27ADA93E24DB46AE00A212BC /* LoginViewController.swift in Sources */ = {isa = PBXBuildFile; fileRef = 27ADA93D24DB46AE00A212BC /* LoginViewController.swift */; };
		27ADA94124DB46AE00A212BC /* Main.storyboard in Resources */ = {isa = PBXBuildFile; fileRef = 27ADA93F24DB46AE00A212BC /* Main.storyboard */; };
		27ADA94424DB46AE00A212BC /* Chat.xcdatamodeld in Sources */ = {isa = PBXBuildFile; fileRef = 27ADA94224DB46AE00A212BC /* Chat.xcdatamodeld */; };
		27ADA94624DB46D500A212BC /* Assets.xcassets in Resources */ = {isa = PBXBuildFile; fileRef = 27ADA94524DB46D500A212BC /* Assets.xcassets */; };
		27ADA94924DB46D500A212BC /* LaunchScreen.storyboard in Resources */ = {isa = PBXBuildFile; fileRef = 27ADA94724DB46D500A212BC /* LaunchScreen.storyboard */; };
		27ADA95424DB46D700A212BC /* ChatTests.swift in Sources */ = {isa = PBXBuildFile; fileRef = 27ADA95324DB46D700A212BC /* ChatTests.swift */; };
		27ADA95F24DB5A2400A212BC /* ConverseViewController.swift in Sources */ = {isa = PBXBuildFile; fileRef = 27ADA95E24DB5A2400A212BC /* ConverseViewController.swift */; };
		27ADA96124DB5A5200A212BC /* NewContactViewController.swift in Sources */ = {isa = PBXBuildFile; fileRef = 27ADA96024DB5A5200A212BC /* NewContactViewController.swift */; };
		27ADA96324DB5A8300A212BC /* ChatViewController.swift in Sources */ = {isa = PBXBuildFile; fileRef = 27ADA96224DB5A8300A212BC /* ChatViewController.swift */; };
/* End PBXBuildFile section */

/* Begin PBXContainerItemProxy section */
		27ADA95024DB46D700A212BC /* PBXContainerItemProxy */ = {
			isa = PBXContainerItemProxy;
			containerPortal = 27ADA92E24DB46AE00A212BC /* Project object */;
			proxyType = 1;
			remoteGlobalIDString = 27ADA93524DB46AE00A212BC;
			remoteInfo = Chat;
		};
/* End PBXContainerItemProxy section */

/* Begin PBXFileReference section */
		2701500124DDFBCA00D13145 /* ChatTableViewCell.swift */ = {isa = PBXFileReference; lastKnownFileType = sourcecode.swift; path = ChatTableViewCell.swift; sourceTree = "<group>"; };
		27465A6824DF1E0200ABD5FD /* ChatManager.swift */ = {isa = PBXFileReference; lastKnownFileType = sourcecode.swift; path = ChatManager.swift; sourceTree = "<group>"; };
		27465A6A24DF437800ABD5FD /* Chat.swift */ = {isa = PBXFileReference; lastKnownFileType = sourcecode.swift; path = Chat.swift; sourceTree = "<group>"; };
		27465A6C24DF439600ABD5FD /* Contact.swift */ = {isa = PBXFileReference; lastKnownFileType = sourcecode.swift; path = Contact.swift; sourceTree = "<group>"; };
		27465A6E24DF43B000ABD5FD /* MessageInfo.swift */ = {isa = PBXFileReference; lastKnownFileType = sourcecode.swift; path = MessageInfo.swift; sourceTree = "<group>"; };
		27465A7124DF43FB00ABD5FD /* SubtitleTableViewCell.swift */ = {isa = PBXFileReference; lastKnownFileType = sourcecode.swift; path = SubtitleTableViewCell.swift; sourceTree = "<group>"; };
		2780347724DB906200EB3AC7 /* SocketIOManager.swift */ = {isa = PBXFileReference; lastKnownFileType = sourcecode.swift; path = SocketIOManager.swift; sourceTree = "<group>"; };
		27ADA93624DB46AE00A212BC /* Chat.app */ = {isa = PBXFileReference; explicitFileType = wrapper.application; includeInIndex = 0; path = Chat.app; sourceTree = BUILT_PRODUCTS_DIR; };
		27ADA93924DB46AE00A212BC /* AppDelegate.swift */ = {isa = PBXFileReference; lastKnownFileType = sourcecode.swift; path = AppDelegate.swift; sourceTree = "<group>"; };
		27ADA93B24DB46AE00A212BC /* SceneDelegate.swift */ = {isa = PBXFileReference; lastKnownFileType = sourcecode.swift; path = SceneDelegate.swift; sourceTree = "<group>"; };
		27ADA93D24DB46AE00A212BC /* LoginViewController.swift */ = {isa = PBXFileReference; lastKnownFileType = sourcecode.swift; path = LoginViewController.swift; sourceTree = "<group>"; };
		27ADA94024DB46AE00A212BC /* Base */ = {isa = PBXFileReference; lastKnownFileType = file.storyboard; name = Base; path = Base.lproj/Main.storyboard; sourceTree = "<group>"; };
		27ADA94324DB46AE00A212BC /* Chat.xcdatamodel */ = {isa = PBXFileReference; lastKnownFileType = wrapper.xcdatamodel; path = Chat.xcdatamodel; sourceTree = "<group>"; };
		27ADA94524DB46D500A212BC /* Assets.xcassets */ = {isa = PBXFileReference; lastKnownFileType = folder.assetcatalog; path = Assets.xcassets; sourceTree = "<group>"; };
		27ADA94824DB46D500A212BC /* Base */ = {isa = PBXFileReference; lastKnownFileType = file.storyboard; name = Base; path = Base.lproj/LaunchScreen.storyboard; sourceTree = "<group>"; };
		27ADA94A24DB46D500A212BC /* Info.plist */ = {isa = PBXFileReference; lastKnownFileType = text.plist.xml; path = Info.plist; sourceTree = "<group>"; };
		27ADA94F24DB46D700A212BC /* ChatTests.xctest */ = {isa = PBXFileReference; explicitFileType = wrapper.cfbundle; includeInIndex = 0; path = ChatTests.xctest; sourceTree = BUILT_PRODUCTS_DIR; };
		27ADA95324DB46D700A212BC /* ChatTests.swift */ = {isa = PBXFileReference; lastKnownFileType = sourcecode.swift; path = ChatTests.swift; sourceTree = "<group>"; };
		27ADA95524DB46D700A212BC /* Info.plist */ = {isa = PBXFileReference; lastKnownFileType = text.plist.xml; path = Info.plist; sourceTree = "<group>"; };
		27ADA95E24DB5A2400A212BC /* ConverseViewController.swift */ = {isa = PBXFileReference; lastKnownFileType = sourcecode.swift; path = ConverseViewController.swift; sourceTree = "<group>"; };
		27ADA96024DB5A5200A212BC /* NewContactViewController.swift */ = {isa = PBXFileReference; lastKnownFileType = sourcecode.swift; path = NewContactViewController.swift; sourceTree = "<group>"; };
		27ADA96224DB5A8300A212BC /* ChatViewController.swift */ = {isa = PBXFileReference; lastKnownFileType = sourcecode.swift; path = ChatViewController.swift; sourceTree = "<group>"; };
/* End PBXFileReference section */

/* Begin PBXFrameworksBuildPhase section */
		27ADA93324DB46AE00A212BC /* Frameworks */ = {
			isa = PBXFrameworksBuildPhase;
			buildActionMask = 2147483647;
			files = (
				2780347624DB904000EB3AC7 /* SocketIO in Frameworks */,
			);
			runOnlyForDeploymentPostprocessing = 0;
		};
		27ADA94C24DB46D700A212BC /* Frameworks */ = {
			isa = PBXFrameworksBuildPhase;
			buildActionMask = 2147483647;
			files = (
			);
			runOnlyForDeploymentPostprocessing = 0;
		};
/* End PBXFrameworksBuildPhase section */

/* Begin PBXGroup section */
		27465A6724DF1DF000ABD5FD /* Manager */ = {
			isa = PBXGroup;
			children = (
				2780347724DB906200EB3AC7 /* SocketIOManager.swift */,
				27465A6824DF1E0200ABD5FD /* ChatManager.swift */,
			);
			path = Manager;
			sourceTree = "<group>";
		};
		27465A7024DF43B900ABD5FD /* Model */ = {
			isa = PBXGroup;
			children = (
				27465A6E24DF43B000ABD5FD /* MessageInfo.swift */,
				27465A6A24DF437800ABD5FD /* Chat.swift */,
				27465A6C24DF439600ABD5FD /* Contact.swift */,
			);
			path = Model;
			sourceTree = "<group>";
		};
		27ADA92D24DB46AE00A212BC = {
			isa = PBXGroup;
			children = (
				27ADA93824DB46AE00A212BC /* Chat */,
				27ADA95224DB46D700A212BC /* ChatTests */,
				27ADA93724DB46AE00A212BC /* Products */,
			);
			sourceTree = "<group>";
		};
		27ADA93724DB46AE00A212BC /* Products */ = {
			isa = PBXGroup;
			children = (
				27ADA93624DB46AE00A212BC /* Chat.app */,
				27ADA94F24DB46D700A212BC /* ChatTests.xctest */,
			);
			name = Products;
			sourceTree = "<group>";
		};
		27ADA93824DB46AE00A212BC /* Chat */ = {
			isa = PBXGroup;
			children = (
				27ADA93924DB46AE00A212BC /* AppDelegate.swift */,
				27ADA93B24DB46AE00A212BC /* SceneDelegate.swift */,
				27465A7024DF43B900ABD5FD /* Model */,
				27465A6724DF1DF000ABD5FD /* Manager */,
				27ADA96924DB8AA200A212BC /* Cell */,
				27ADA96424DB5A9100A212BC /* Controller */,
				27ADA93F24DB46AE00A212BC /* Main.storyboard */,
				27ADA94524DB46D500A212BC /* Assets.xcassets */,
				27ADA94724DB46D500A212BC /* LaunchScreen.storyboard */,
				27ADA94A24DB46D500A212BC /* Info.plist */,
				27ADA94224DB46AE00A212BC /* Chat.xcdatamodeld */,
			);
			path = Chat;
			sourceTree = "<group>";
		};
		27ADA95224DB46D700A212BC /* ChatTests */ = {
			isa = PBXGroup;
			children = (
				27ADA95324DB46D700A212BC /* ChatTests.swift */,
				27ADA95524DB46D700A212BC /* Info.plist */,
			);
			path = ChatTests;
			sourceTree = "<group>";
		};
		27ADA96424DB5A9100A212BC /* Controller */ = {
			isa = PBXGroup;
			children = (
				27ADA93D24DB46AE00A212BC /* LoginViewController.swift */,
				27ADA96024DB5A5200A212BC /* NewContactViewController.swift */,
				27ADA95E24DB5A2400A212BC /* ConverseViewController.swift */,
				27ADA96224DB5A8300A212BC /* ChatViewController.swift */,
			);
			path = Controller;
			sourceTree = "<group>";
		};
		27ADA96924DB8AA200A212BC /* Cell */ = {
			isa = PBXGroup;
			children = (
				2701500124DDFBCA00D13145 /* ChatTableViewCell.swift */,
				27465A7124DF43FB00ABD5FD /* SubtitleTableViewCell.swift */,
			);
			path = Cell;
			sourceTree = "<group>";
		};
/* End PBXGroup section */

/* Begin PBXNativeTarget section */
		27ADA93524DB46AE00A212BC /* Chat */ = {
			isa = PBXNativeTarget;
			buildConfigurationList = 27ADA95824DB46D700A212BC /* Build configuration list for PBXNativeTarget "Chat" */;
			buildPhases = (
				27ADA93224DB46AE00A212BC /* Sources */,
				27ADA93324DB46AE00A212BC /* Frameworks */,
				27ADA93424DB46AE00A212BC /* Resources */,
			);
			buildRules = (
			);
			dependencies = (
			);
			name = Chat;
			packageProductDependencies = (
				2780347524DB904000EB3AC7 /* SocketIO */,
			);
			productName = Chat;
			productReference = 27ADA93624DB46AE00A212BC /* Chat.app */;
			productType = "com.apple.product-type.application";
		};
		27ADA94E24DB46D700A212BC /* ChatTests */ = {
			isa = PBXNativeTarget;
			buildConfigurationList = 27ADA95B24DB46D700A212BC /* Build configuration list for PBXNativeTarget "ChatTests" */;
			buildPhases = (
				27ADA94B24DB46D700A212BC /* Sources */,
				27ADA94C24DB46D700A212BC /* Frameworks */,
				27ADA94D24DB46D700A212BC /* Resources */,
			);
			buildRules = (
			);
			dependencies = (
				27ADA95124DB46D700A212BC /* PBXTargetDependency */,
			);
			name = ChatTests;
			productName = ChatTests;
			productReference = 27ADA94F24DB46D700A212BC /* ChatTests.xctest */;
			productType = "com.apple.product-type.bundle.unit-test";
		};
/* End PBXNativeTarget section */

/* Begin PBXProject section */
		27ADA92E24DB46AE00A212BC /* Project object */ = {
			isa = PBXProject;
			attributes = {
				LastSwiftUpdateCheck = 1160;
				LastUpgradeCheck = 1160;
				ORGANIZATIONNAME = "Bia Plutarco";
				TargetAttributes = {
					27ADA93524DB46AE00A212BC = {
						CreatedOnToolsVersion = 11.6;
					};
					27ADA94E24DB46D700A212BC = {
						CreatedOnToolsVersion = 11.6;
						TestTargetID = 27ADA93524DB46AE00A212BC;
					};
				};
			};
			buildConfigurationList = 27ADA93124DB46AE00A212BC /* Build configuration list for PBXProject "Chat" */;
			compatibilityVersion = "Xcode 9.3";
			developmentRegion = en;
			hasScannedForEncodings = 0;
			knownRegions = (
				en,
				Base,
			);
			mainGroup = 27ADA92D24DB46AE00A212BC;
			packageReferences = (
				2780347424DB904000EB3AC7 /* XCRemoteSwiftPackageReference "socket" */,
			);
			productRefGroup = 27ADA93724DB46AE00A212BC /* Products */;
			projectDirPath = "";
			projectRoot = "";
			targets = (
				27ADA93524DB46AE00A212BC /* Chat */,
				27ADA94E24DB46D700A212BC /* ChatTests */,
			);
		};
/* End PBXProject section */

/* Begin PBXResourcesBuildPhase section */
		27ADA93424DB46AE00A212BC /* Resources */ = {
			isa = PBXResourcesBuildPhase;
			buildActionMask = 2147483647;
			files = (
				27ADA94924DB46D500A212BC /* LaunchScreen.storyboard in Resources */,
				27ADA94624DB46D500A212BC /* Assets.xcassets in Resources */,
				27ADA94124DB46AE00A212BC /* Main.storyboard in Resources */,
			);
			runOnlyForDeploymentPostprocessing = 0;
		};
		27ADA94D24DB46D700A212BC /* Resources */ = {
			isa = PBXResourcesBuildPhase;
			buildActionMask = 2147483647;
			files = (
			);
			runOnlyForDeploymentPostprocessing = 0;
		};
/* End PBXResourcesBuildPhase section */

/* Begin PBXSourcesBuildPhase section */
		27ADA93224DB46AE00A212BC /* Sources */ = {
			isa = PBXSourcesBuildPhase;
			buildActionMask = 2147483647;
			files = (
				27465A6D24DF439600ABD5FD /* Contact.swift in Sources */,
				27ADA93E24DB46AE00A212BC /* LoginViewController.swift in Sources */,
				27ADA94424DB46AE00A212BC /* Chat.xcdatamodeld in Sources */,
				27465A7224DF43FB00ABD5FD /* SubtitleTableViewCell.swift in Sources */,
				27ADA93A24DB46AE00A212BC /* AppDelegate.swift in Sources */,
				27ADA96324DB5A8300A212BC /* ChatViewController.swift in Sources */,
				2780347824DB906200EB3AC7 /* SocketIOManager.swift in Sources */,
				27465A6924DF1E0200ABD5FD /* ChatManager.swift in Sources */,
				27ADA93C24DB46AE00A212BC /* SceneDelegate.swift in Sources */,
				27465A6F24DF43B000ABD5FD /* MessageInfo.swift in Sources */,
				2701500224DDFBCA00D13145 /* ChatTableViewCell.swift in Sources */,
				27ADA96124DB5A5200A212BC /* NewContactViewController.swift in Sources */,
				27465A6B24DF437800ABD5FD /* Chat.swift in Sources */,
				27ADA95F24DB5A2400A212BC /* ConverseViewController.swift in Sources */,
			);
			runOnlyForDeploymentPostprocessing = 0;
		};
		27ADA94B24DB46D700A212BC /* Sources */ = {
			isa = PBXSourcesBuildPhase;
			buildActionMask = 2147483647;
			files = (
				27ADA95424DB46D700A212BC /* ChatTests.swift in Sources */,
			);
			runOnlyForDeploymentPostprocessing = 0;
		};
/* End PBXSourcesBuildPhase section */

/* Begin PBXTargetDependency section */
		27ADA95124DB46D700A212BC /* PBXTargetDependency */ = {
			isa = PBXTargetDependency;
			target = 27ADA93524DB46AE00A212BC /* Chat */;
			targetProxy = 27ADA95024DB46D700A212BC /* PBXContainerItemProxy */;
		};
/* End PBXTargetDependency section */

/* Begin PBXVariantGroup section */
		27ADA93F24DB46AE00A212BC /* Main.storyboard */ = {
			isa = PBXVariantGroup;
			children = (
				27ADA94024DB46AE00A212BC /* Base */,
			);
			name = Main.storyboard;
			sourceTree = "<group>";
		};
		27ADA94724DB46D500A212BC /* LaunchScreen.storyboard */ = {
			isa = PBXVariantGroup;
			children = (
				27ADA94824DB46D500A212BC /* Base */,
			);
			name = LaunchScreen.storyboard;
			sourceTree = "<group>";
		};
/* End PBXVariantGroup section */

/* Begin XCBuildConfiguration section */
		27ADA95624DB46D700A212BC /* Debug */ = {
			isa = XCBuildConfiguration;
			buildSettings = {
				ALWAYS_SEARCH_USER_PATHS = NO;
				CLANG_ANALYZER_NONNULL = YES;
				CLANG_ANALYZER_NUMBER_OBJECT_CONVERSION = YES_AGGRESSIVE;
				CLANG_CXX_LANGUAGE_STANDARD = "gnu++14";
				CLANG_CXX_LIBRARY = "libc++";
				CLANG_ENABLE_MODULES = YES;
				CLANG_ENABLE_OBJC_ARC = YES;
				CLANG_ENABLE_OBJC_WEAK = YES;
				CLANG_WARN_BLOCK_CAPTURE_AUTORELEASING = YES;
				CLANG_WARN_BOOL_CONVERSION = YES;
				CLANG_WARN_COMMA = YES;
				CLANG_WARN_CONSTANT_CONVERSION = YES;
				CLANG_WARN_DEPRECATED_OBJC_IMPLEMENTATIONS = YES;
				CLANG_WARN_DIRECT_OBJC_ISA_USAGE = YES_ERROR;
				CLANG_WARN_DOCUMENTATION_COMMENTS = YES;
				CLANG_WARN_EMPTY_BODY = YES;
				CLANG_WARN_ENUM_CONVERSION = YES;
				CLANG_WARN_INFINITE_RECURSION = YES;
				CLANG_WARN_INT_CONVERSION = YES;
				CLANG_WARN_NON_LITERAL_NULL_CONVERSION = YES;
				CLANG_WARN_OBJC_IMPLICIT_RETAIN_SELF = YES;
				CLANG_WARN_OBJC_LITERAL_CONVERSION = YES;
				CLANG_WARN_OBJC_ROOT_CLASS = YES_ERROR;
				CLANG_WARN_RANGE_LOOP_ANALYSIS = YES;
				CLANG_WARN_STRICT_PROTOTYPES = YES;
				CLANG_WARN_SUSPICIOUS_MOVE = YES;
				CLANG_WARN_UNGUARDED_AVAILABILITY = YES_AGGRESSIVE;
				CLANG_WARN_UNREACHABLE_CODE = YES;
				CLANG_WARN__DUPLICATE_METHOD_MATCH = YES;
				COPY_PHASE_STRIP = NO;
				DEBUG_INFORMATION_FORMAT = dwarf;
				ENABLE_STRICT_OBJC_MSGSEND = YES;
				ENABLE_TESTABILITY = YES;
				GCC_C_LANGUAGE_STANDARD = gnu11;
				GCC_DYNAMIC_NO_PIC = NO;
				GCC_NO_COMMON_BLOCKS = YES;
				GCC_OPTIMIZATION_LEVEL = 0;
				GCC_PREPROCESSOR_DEFINITIONS = (
					"DEBUG=1",
					"$(inherited)",
				);
				GCC_WARN_64_TO_32_BIT_CONVERSION = YES;
				GCC_WARN_ABOUT_RETURN_TYPE = YES_ERROR;
				GCC_WARN_UNDECLARED_SELECTOR = YES;
				GCC_WARN_UNINITIALIZED_AUTOS = YES_AGGRESSIVE;
				GCC_WARN_UNUSED_FUNCTION = YES;
				GCC_WARN_UNUSED_VARIABLE = YES;
				IPHONEOS_DEPLOYMENT_TARGET = 13.6;
				MTL_ENABLE_DEBUG_INFO = INCLUDE_SOURCE;
				MTL_FAST_MATH = YES;
				ONLY_ACTIVE_ARCH = YES;
				SDKROOT = iphoneos;
				SWIFT_ACTIVE_COMPILATION_CONDITIONS = DEBUG;
				SWIFT_OPTIMIZATION_LEVEL = "-Onone";
			};
			name = Debug;
		};
		27ADA95724DB46D700A212BC /* Release */ = {
			isa = XCBuildConfiguration;
			buildSettings = {
				ALWAYS_SEARCH_USER_PATHS = NO;
				CLANG_ANALYZER_NONNULL = YES;
				CLANG_ANALYZER_NUMBER_OBJECT_CONVERSION = YES_AGGRESSIVE;
				CLANG_CXX_LANGUAGE_STANDARD = "gnu++14";
				CLANG_CXX_LIBRARY = "libc++";
				CLANG_ENABLE_MODULES = YES;
				CLANG_ENABLE_OBJC_ARC = YES;
				CLANG_ENABLE_OBJC_WEAK = YES;
				CLANG_WARN_BLOCK_CAPTURE_AUTORELEASING = YES;
				CLANG_WARN_BOOL_CONVERSION = YES;
				CLANG_WARN_COMMA = YES;
				CLANG_WARN_CONSTANT_CONVERSION = YES;
				CLANG_WARN_DEPRECATED_OBJC_IMPLEMENTATIONS = YES;
				CLANG_WARN_DIRECT_OBJC_ISA_USAGE = YES_ERROR;
				CLANG_WARN_DOCUMENTATION_COMMENTS = YES;
				CLANG_WARN_EMPTY_BODY = YES;
				CLANG_WARN_ENUM_CONVERSION = YES;
				CLANG_WARN_INFINITE_RECURSION = YES;
				CLANG_WARN_INT_CONVERSION = YES;
				CLANG_WARN_NON_LITERAL_NULL_CONVERSION = YES;
				CLANG_WARN_OBJC_IMPLICIT_RETAIN_SELF = YES;
				CLANG_WARN_OBJC_LITERAL_CONVERSION = YES;
				CLANG_WARN_OBJC_ROOT_CLASS = YES_ERROR;
				CLANG_WARN_RANGE_LOOP_ANALYSIS = YES;
				CLANG_WARN_STRICT_PROTOTYPES = YES;
				CLANG_WARN_SUSPICIOUS_MOVE = YES;
				CLANG_WARN_UNGUARDED_AVAILABILITY = YES_AGGRESSIVE;
				CLANG_WARN_UNREACHABLE_CODE = YES;
				CLANG_WARN__DUPLICATE_METHOD_MATCH = YES;
				COPY_PHASE_STRIP = NO;
				DEBUG_INFORMATION_FORMAT = "dwarf-with-dsym";
				ENABLE_NS_ASSERTIONS = NO;
				ENABLE_STRICT_OBJC_MSGSEND = YES;
				GCC_C_LANGUAGE_STANDARD = gnu11;
				GCC_NO_COMMON_BLOCKS = YES;
				GCC_WARN_64_TO_32_BIT_CONVERSION = YES;
				GCC_WARN_ABOUT_RETURN_TYPE = YES_ERROR;
				GCC_WARN_UNDECLARED_SELECTOR = YES;
				GCC_WARN_UNINITIALIZED_AUTOS = YES_AGGRESSIVE;
				GCC_WARN_UNUSED_FUNCTION = YES;
				GCC_WARN_UNUSED_VARIABLE = YES;
				IPHONEOS_DEPLOYMENT_TARGET = 13.6;
				MTL_ENABLE_DEBUG_INFO = NO;
				MTL_FAST_MATH = YES;
				SDKROOT = iphoneos;
				SWIFT_COMPILATION_MODE = wholemodule;
				SWIFT_OPTIMIZATION_LEVEL = "-O";
				VALIDATE_PRODUCT = YES;
			};
			name = Release;
		};
		27ADA95924DB46D700A212BC /* Debug */ = {
			isa = XCBuildConfiguration;
			buildSettings = {
				ASSETCATALOG_COMPILER_APPICON_NAME = AppIcon;
				CODE_SIGN_STYLE = Automatic;
				DEVELOPMENT_TEAM = H3RQC49HYF;
				INFOPLIST_FILE = Chat/Info.plist;
				LD_RUNPATH_SEARCH_PATHS = (
					"$(inherited)",
					"@executable_path/Frameworks",
				);
				PRODUCT_BUNDLE_IDENTIFIER = akhaten.Chat;
				PRODUCT_NAME = "$(TARGET_NAME)";
				SWIFT_VERSION = 5.0;
				TARGETED_DEVICE_FAMILY = "1,2";
			};
			name = Debug;
		};
		27ADA95A24DB46D700A212BC /* Release */ = {
			isa = XCBuildConfiguration;
			buildSettings = {
				ASSETCATALOG_COMPILER_APPICON_NAME = AppIcon;
				CODE_SIGN_STYLE = Automatic;
				DEVELOPMENT_TEAM = H3RQC49HYF;
				INFOPLIST_FILE = Chat/Info.plist;
				LD_RUNPATH_SEARCH_PATHS = (
					"$(inherited)",
					"@executable_path/Frameworks",
				);
				PRODUCT_BUNDLE_IDENTIFIER = akhaten.Chat;
				PRODUCT_NAME = "$(TARGET_NAME)";
				SWIFT_VERSION = 5.0;
				TARGETED_DEVICE_FAMILY = "1,2";
			};
			name = Release;
		};
		27ADA95C24DB46D700A212BC /* Debug */ = {
			isa = XCBuildConfiguration;
			buildSettings = {
				ALWAYS_EMBED_SWIFT_STANDARD_LIBRARIES = YES;
				BUNDLE_LOADER = "$(TEST_HOST)";
				CODE_SIGN_STYLE = Automatic;
				DEVELOPMENT_TEAM = H3RQC49HYF;
				INFOPLIST_FILE = ChatTests/Info.plist;
				IPHONEOS_DEPLOYMENT_TARGET = 13.6;
				LD_RUNPATH_SEARCH_PATHS = (
					"$(inherited)",
					"@executable_path/Frameworks",
					"@loader_path/Frameworks",
				);
				PRODUCT_BUNDLE_IDENTIFIER = akhaten.ChatTests;
				PRODUCT_NAME = "$(TARGET_NAME)";
				SWIFT_VERSION = 5.0;
				TARGETED_DEVICE_FAMILY = "1,2";
				TEST_HOST = "$(BUILT_PRODUCTS_DIR)/Chat.app/Chat";
			};
			name = Debug;
		};
		27ADA95D24DB46D700A212BC /* Release */ = {
			isa = XCBuildConfiguration;
			buildSettings = {
				ALWAYS_EMBED_SWIFT_STANDARD_LIBRARIES = YES;
				BUNDLE_LOADER = "$(TEST_HOST)";
				CODE_SIGN_STYLE = Automatic;
				DEVELOPMENT_TEAM = H3RQC49HYF;
				INFOPLIST_FILE = ChatTests/Info.plist;
				IPHONEOS_DEPLOYMENT_TARGET = 13.6;
				LD_RUNPATH_SEARCH_PATHS = (
					"$(inherited)",
					"@executable_path/Frameworks",
					"@loader_path/Frameworks",
				);
				PRODUCT_BUNDLE_IDENTIFIER = akhaten.ChatTests;
				PRODUCT_NAME = "$(TARGET_NAME)";
				SWIFT_VERSION = 5.0;
				TARGETED_DEVICE_FAMILY = "1,2";
				TEST_HOST = "$(BUILT_PRODUCTS_DIR)/Chat.app/Chat";
			};
			name = Release;
		};
/* End XCBuildConfiguration section */

/* Begin XCConfigurationList section */
		27ADA93124DB46AE00A212BC /* Build configuration list for PBXProject "Chat" */ = {
			isa = XCConfigurationList;
			buildConfigurations = (
				27ADA95624DB46D700A212BC /* Debug */,
				27ADA95724DB46D700A212BC /* Release */,
			);
			defaultConfigurationIsVisible = 0;
			defaultConfigurationName = Release;
		};
		27ADA95824DB46D700A212BC /* Build configuration list for PBXNativeTarget "Chat" */ = {
			isa = XCConfigurationList;
			buildConfigurations = (
				27ADA95924DB46D700A212BC /* Debug */,
				27ADA95A24DB46D700A212BC /* Release */,
			);
			defaultConfigurationIsVisible = 0;
			defaultConfigurationName = Release;
		};
		27ADA95B24DB46D700A212BC /* Build configuration list for PBXNativeTarget "ChatTests" */ = {
			isa = XCConfigurationList;
			buildConfigurations = (
				27ADA95C24DB46D700A212BC /* Debug */,
				27ADA95D24DB46D700A212BC /* Release */,
			);
			defaultConfigurationIsVisible = 0;
			defaultConfigurationName = Release;
		};
/* End XCConfigurationList section */

/* Begin XCRemoteSwiftPackageReference section */
		2780347424DB904000EB3AC7 /* XCRemoteSwiftPackageReference "socket" */ = {
			isa = XCRemoteSwiftPackageReference;
			repositoryURL = "https://github.com/socketio/socket.io-client-swift";
			requirement = {
				kind = upToNextMajorVersion;
				minimumVersion = 15.2.0;
			};
		};
/* End XCRemoteSwiftPackageReference section */

/* Begin XCSwiftPackageProductDependency section */
		2780347524DB904000EB3AC7 /* SocketIO */ = {
			isa = XCSwiftPackageProductDependency;
			package = 2780347424DB904000EB3AC7 /* XCRemoteSwiftPackageReference "socket" */;
			productName = SocketIO;
		};
/* End XCSwiftPackageProductDependency section */

/* Begin XCVersionGroup section */
		27ADA94224DB46AE00A212BC /* Chat.xcdatamodeld */ = {
			isa = XCVersionGroup;
			children = (
				27ADA94324DB46AE00A212BC /* Chat.xcdatamodel */,
			);
			currentVersion = 27ADA94324DB46AE00A212BC /* Chat.xcdatamodel */;
			path = Chat.xcdatamodeld;
			sourceTree = "<group>";
			versionGroupType = wrapper.xcdatamodel;
		};
/* End XCVersionGroup section */
	};
	rootObject = 27ADA92E24DB46AE00A212BC /* Project object */;
}
